{
  "version": 4,
  "terraform_version": "1.2.4",
  "serial": 76,
  "lineage": "b6caa95d-6922-298f-500b-5c5eeebf51a5",
  "outputs": {
    "iam_user_name": {
      "value": "terraform-user-1",
      "type": "string"
    }
  },
  "resources": [
    {
      "module": "module.iam_user",
      "mode": "managed",
      "type": "aws_iam_policy",
      "name": "iam_policy",
      "provider": "provider[\"registry.terraform.io/hashicorp/aws\"]",
      "instances": [
        {
          "index_key": 0,
          "schema_version": 0,
          "attributes": {
            "arn": "arn:aws:iam::633489328820:policy/my-policy-1",
            "description": "My IAM Policy 1",
            "id": "arn:aws:iam::633489328820:policy/my-policy-1",
            "name": "my-policy-1",
            "name_prefix": "",
            "path": "/",
            "policy": "{\"Statement\":[{\"Action\":[\"s3:GetObject\"],\"Effect\":\"Allow\",\"Resource\":[\"arn:aws:s3:::my-bucket/*\"]}],\"Version\":\"2012-10-17\"}",
            "policy_id": "ANPAZG7XIBK2HQ25BD33H",
            "tags": null,
            "tags_all": {}
          },
          "sensitive_attributes": [],
          "private": "bnVsbA=="
        }
      ]
    },
    {
      "module": "module.iam_user",
      "mode": "managed",
      "type": "aws_iam_user",
      "name": "iam_user",
      "provider": "provider[\"registry.terraform.io/hashicorp/aws\"]",
      "instances": [
        {
          "schema_version": 0,
          "attributes": {
            "arn": "arn:aws:iam::633489328820:user/terraform-user-1",
            "force_destroy": false,
            "id": "terraform-user-1",
            "name": "terraform-user-1",
            "path": "/",
            "permissions_boundary": null,
            "tags": null,
            "tags_all": {},
            "unique_id": "AIDAZG7XIBK2PJFBT5FEH"
          },
          "sensitive_attributes": [],
          "private": "bnVsbA=="
        }
      ]
    }
  ]
}
